{
  "name": "yacpp",
  "version": "1.0.0",
  "lockfileVersion": 3,
  "requires": true,
  "packages": {
    "": {
      "name": "yacpp",
      "version": "1.0.0",
      "license": "ISC",
      "dependencies": {
        "chord-magic": "^2.1.1"
      }
    },
    "node_modules/chord-magic": {
      "version": "2.1.1",
      "resolved": "https://registry.npmjs.org/chord-magic/-/chord-magic-2.1.1.tgz",
      "integrity": "sha512-Ci589AkKx8gnibsmBZzA8Aume/QWEMNuwHF8SZf3Fb7GCRIEy3Opi81+iI4jfIHhY8GOG+t3VY9C/2oSM2HCkA=="
    }
  }
}
